
Microsoft Visual Studio Solution File, Format Version 12.00
# Visual Studio Version 17
VisualStudioVersion = 17.8.34309.116
MinimumVisualStudioVersion = 10.0.40219.1
Project("{9A19103F-16F7-4668-BE54-9A1E7A4F7556}") = "UndetectedChromeDriver", "UndetectedChromeDriver\UndetectedChromeDriver.csproj", "{7F306C0C-6A84-4D5B-BA8A-4D8C3887B4D5}"
EndProject
Project("{9A19103F-16F7-4668-BE54-9A1E7A4F7556}") = "ChromeDriverLib", "ChromeDriverLib\ChromeDriverLib.csproj", "{0C7731F6-C85B-446B-A8C6-A49216E09DC1}"
EndProject
Project("{FAE04EC0-301F-11D3-BF4B-00C04F79EFBC}") = "Test", "Test\Test.csproj", "{181D7B50-2628-499E-B84C-F420BC282371}"
EndProject
Global
	GlobalSection(SolutionConfigurationPlatforms) = preSolution
		Debug|Any CPU = Debug|Any CPU
		Release|Any CPU = Release|Any CPU
	EndGlobalSection
	GlobalSection(ProjectConfigurationPlatforms) = postSolution
		{7F306C0C-6A84-4D5B-BA8A-4D8C3887B4D5}.Debug|Any CPU.ActiveCfg = Debug|Any CPU
		{7F306C0C-6A84-4D5B-BA8A-4D8C3887B4D5}.Debug|Any CPU.Build.0 = Debug|Any CPU
		{7F306C0C-6A84-4D5B-BA8A-4D8C3887B4D5}.Release|Any CPU.ActiveCfg = Release|Any CPU
		{7F306C0C-6A84-4D5B-BA8A-4D8C3887B4D5}.Release|Any CPU.Build.0 = Release|Any CPU
		{0C7731F6-C85B-446B-A8C6-A49216E09DC1}.Debug|Any CPU.ActiveCfg = Debug|Any CPU
		{0C7731F6-C85B-446B-A8C6-A49216E09DC1}.Debug|Any CPU.Build.0 = Debug|Any CPU
		{0C7731F6-C85B-446B-A8C6-A49216E09DC1}.Release|Any CPU.ActiveCfg = Release|Any CPU
		{0C7731F6-C85B-446B-A8C6-A49216E09DC1}.Release|Any CPU.Build.0 = Release|Any CPU
		{181D7B50-2628-499E-B84C-F420BC282371}.Debug|Any CPU.ActiveCfg = Debug|Any CPU
		{181D7B50-2628-499E-B84C-F420BC282371}.Debug|Any CPU.Build.0 = Debug|Any CPU
		{181D7B50-2628-499E-B84C-F420BC282371}.Release|Any CPU.ActiveCfg = Release|Any CPU
		{181D7B50-2628-499E-B84C-F420BC282371}.Release|Any CPU.Build.0 = Release|Any CPU
	EndGlobalSection
	GlobalSection(SolutionProperties) = preSolution
		HideSolutionNode = FALSE
	EndGlobalSection
	GlobalSection(ExtensibilityGlobals) = postSolution
		SolutionGuid = {46444A9F-9FCC-441E-80F1-D5AB11DDDE67}
	EndGlobalSection
EndGlobal
